
Microsoft Visual Studio Solution File, Format Version 12.00
# Visual Studio Version 17
VisualStudioVersion = 17.9.34622.214
MinimumVisualStudioVersion = 10.0.40219.1
Project("{FAE04EC0-301F-11D3-BF4B-00C04F79EFBC}") = "Bellman-Ford-Algorithm", "Bellman-Ford-Algorithm\Bellman-Ford-Algorithm.csproj", "{37E3E049-D2C9-4322-A7D5-FF410F1ED82E}"
EndProject
Global
	GlobalSection(SolutionConfigurationPlatforms) = preSolution
		Debug|Any CPU = Debug|Any CPU
		Release|Any CPU = Release|Any CPU
	EndGlobalSection
	GlobalSection(ProjectConfigurationPlatforms) = postSolution
		{37E3E049-D2C9-4322-A7D5-FF410F1ED82E}.Debug|Any CPU.ActiveCfg = Debug|Any CPU
		{37E3E049-D2C9-4322-A7D5-FF410F1ED82E}.Debug|Any CPU.Build.0 = Debug|Any CPU
		{37E3E049-D2C9-4322-A7D5-FF410F1ED82E}.Release|Any CPU.ActiveCfg = Release|Any CPU
		{37E3E049-D2C9-4322-A7D5-FF410F1ED82E}.Release|Any CPU.Build.0 = Release|Any CPU
	EndGlobalSection
	GlobalSection(SolutionProperties) = preSolution
		HideSolutionNode = FALSE
	EndGlobalSection
	GlobalSection(ExtensibilityGlobals) = postSolution
		SolutionGuid = {0AD9502A-B5F2-478E-A01E-B491B67A142F}
	EndGlobalSection
EndGlobal
